
Microsoft Visual Studio Solution File, Format Version 12.00
Project("{FAE04EC0-301F-11D3-BF4B-00C04F79EFBC}") = "ContactManager.UI", "ContactManager.UI\ContactManager.UI.csproj", "{47AC8B42-F19B-448B-A8A9-7766397635D2}"
EndProject
Project("{FAE04EC0-301F-11D3-BF4B-00C04F79EFBC}") = "ContactManager.Logic", "ContactManager.Logic\ContactManager.Logic.csproj", "{AD7A0A31-D497-4E0A-A546-E7845C3D16F8}"
EndProject
Project("{FAE04EC0-301F-11D3-BF4B-00C04F79EFBC}") = "ContactManager.Data", "ContactManager.Data\ContactManager.Data.csproj", "{BEC52EB2-38FE-47F2-943B-5B46B3BA060A}"
EndProject
Project("{FAE04EC0-301F-11D3-BF4B-00C04F79EFBC}") = "ContactManager.Models", "ContactManager.Models\ContactManager.Models.csproj", "{78F8A12A-AB90-4BD3-83AF-75305EEF6C50}"
EndProject
Global
	GlobalSection(SolutionConfigurationPlatforms) = preSolution
		Debug|Any CPU = Debug|Any CPU
		Release|Any CPU = Release|Any CPU
	EndGlobalSection
	GlobalSection(ProjectConfigurationPlatforms) = postSolution
		{47AC8B42-F19B-448B-A8A9-7766397635D2}.Debug|Any CPU.ActiveCfg = Debug|Any CPU
		{47AC8B42-F19B-448B-A8A9-7766397635D2}.Debug|Any CPU.Build.0 = Debug|Any CPU
		{47AC8B42-F19B-448B-A8A9-7766397635D2}.Release|Any CPU.ActiveCfg = Release|Any CPU
		{47AC8B42-F19B-448B-A8A9-7766397635D2}.Release|Any CPU.Build.0 = Release|Any CPU
		{AD7A0A31-D497-4E0A-A546-E7845C3D16F8}.Debug|Any CPU.ActiveCfg = Debug|Any CPU
		{AD7A0A31-D497-4E0A-A546-E7845C3D16F8}.Debug|Any CPU.Build.0 = Debug|Any CPU
		{AD7A0A31-D497-4E0A-A546-E7845C3D16F8}.Release|Any CPU.ActiveCfg = Release|Any CPU
		{AD7A0A31-D497-4E0A-A546-E7845C3D16F8}.Release|Any CPU.Build.0 = Release|Any CPU
		{BEC52EB2-38FE-47F2-943B-5B46B3BA060A}.Debug|Any CPU.ActiveCfg = Debug|Any CPU
		{BEC52EB2-38FE-47F2-943B-5B46B3BA060A}.Debug|Any CPU.Build.0 = Debug|Any CPU
		{BEC52EB2-38FE-47F2-943B-5B46B3BA060A}.Release|Any CPU.ActiveCfg = Release|Any CPU
		{BEC52EB2-38FE-47F2-943B-5B46B3BA060A}.Release|Any CPU.Build.0 = Release|Any CPU
		{78F8A12A-AB90-4BD3-83AF-75305EEF6C50}.Debug|Any CPU.ActiveCfg = Debug|Any CPU
		{78F8A12A-AB90-4BD3-83AF-75305EEF6C50}.Debug|Any CPU.Build.0 = Debug|Any CPU
		{78F8A12A-AB90-4BD3-83AF-75305EEF6C50}.Release|Any CPU.ActiveCfg = Release|Any CPU
		{78F8A12A-AB90-4BD3-83AF-75305EEF6C50}.Release|Any CPU.Build.0 = Release|Any CPU
	EndGlobalSection
EndGlobal
